# This file is autogenerated, do not edit; changes may be undone by the next 'dep ensure'.


[[projects]]
  digest = "1:63af90669214d42279a26f7297fc0852126543a59b10f650713a9209d813183d"
  name = "github.com/TIBCOSoftware/flogo-contrib"
  packages = [
    "action/flow",
    "action/flow/definition",
    "action/flow/event",
    "action/flow/instance",
    "action/flow/linker",
    "action/flow/model",
    "action/flow/model/simple",
    "action/flow/service",
    "action/flow/support",
    "action/flow/tester",
    "action/flow/util",
    "activity/actreturn",
    "activity/log",
    "model/simple",
    "model/simple/behaviors",
    "trigger/lambda",
  ]
  pruneopts = "T"
  revision = "2b1364a2a6af89175483b690bf6f7839e673257f"
  version = "v0.5.7"

[[projects]]
  digest = "1:17d04943a0ccecce3d4547d8acb6c95dc84796ec3b60ad49da240169b67d8bd4"
  name = "github.com/TIBCOSoftware/flogo-lib"
  packages = [
    "app",
    "app/resource",
    "config",
    "core/action",
    "core/activity",
    "core/data",
    "core/event",
    "core/mapper",
    "core/mapper/assign",
    "core/mapper/exprmapper",
    "core/mapper/exprmapper/expression",
    "core/mapper/exprmapper/expression/direction",
    "core/mapper/exprmapper/expression/expr",
    "core/mapper/exprmapper/expression/function",
    "core/mapper/exprmapper/expression/gocc/errors",
    "core/mapper/exprmapper/expression/gocc/lexer",
    "core/mapper/exprmapper/expression/gocc/parser",
    "core/mapper/exprmapper/expression/gocc/token",
    "core/mapper/exprmapper/funcexprtype",
    "core/mapper/exprmapper/function/array/length",
    "core/mapper/exprmapper/function/number/random",
    "core/mapper/exprmapper/function/string/concat",
    "core/mapper/exprmapper/function/string/equals",
    "core/mapper/exprmapper/function/string/equalsignorecase",
    "core/mapper/exprmapper/function/string/length",
    "core/mapper/exprmapper/function/string/substring",
    "core/mapper/exprmapper/json",
    "core/mapper/exprmapper/json/field",
    "core/mapper/exprmapper/ref",
    "core/trigger",
    "engine",
    "engine/channels",
    "engine/runner",
    "logger",
    "util",
    "util/managed",
  ]
  pruneopts = "T"
  revision = "7f1e2d29362432df0d563e2984b2de2ce450a1a1"
  version = "v0.5.7"

[[projects]]
  digest = "1:460efccdc1f3520fe9aa31e6e9ca1203368a953d24c4bd7e2eb528fafb823487"
  name = "github.com/aws/aws-lambda-go"
  packages = [
    "lambda",
    "lambda/messages",
    "lambdacontext",
  ]
  pruneopts = "T"
  revision = "9e3676ee8ca83aee500682f382e10b9d03660093"
  version = "v1.8.0"

[[projects]]
  branch = "master"
  digest = "1:382c217b79183394daf575d58bb5cb4a4626a92a278e1ed65c78a4a45e0f4bf6"
  name = "github.com/julienschmidt/httprouter"
  packages = ["."]
  pruneopts = "T"
  revision = "26a05976f9bf5c3aa992cc20e8588c359418ee58"

[[projects]]
  digest = "1:0a69a1c0db3591fcefb47f115b224592c8dfa4368b7ba9fae509d5e16cdc95c8"
  name = "github.com/konsorten/go-windows-terminal-sequences"
  packages = ["."]
  pruneopts = "T"
  revision = "5c8c8bd35d3832f5d134ae1e1e375b69a4d25242"
  version = "v1.0.1"

[[projects]]
  digest = "1:a204f9aa04d3305be0d4d8f69f42aee6c649a8f9f9a8dbbbaff54bdad5ce50c7"
  name = "github.com/sirupsen/logrus"
  packages = ["."]
  pruneopts = "T"
  revision = "bcd833dfe83d3cebad139e4a29ed79cb2318bf95"
  version = "v1.2.0"

[[projects]]
  digest = "1:5bcd1c76c25ca9d8467dcd1426c474f29b539a9fc80a001a1742d396bf61ec35"
  name = "github.com/square-it/flogo-contrib-activities"
  packages = ["command"]
  pruneopts = "T"
  revision = "4e9ac86c5fa92c9951d4163226fc938bc1677d9a"
  version = "v0.0.1"

[[projects]]
  digest = "1:365b8ecb35a5faf5aa0ee8d798548fc9cd4200cb95d77a5b0b285ac881bae499"
  name = "go.uber.org/atomic"
  packages = ["."]
  pruneopts = "T"
  revision = "1ea20fb1cbb1cc08cbd0d913a96dead89aa18289"
  version = "v1.3.2"

[[projects]]
  digest = "1:8da5d356e645cc806b953f35966e9185e9f3817c6cee54f9b33ca602544ee434"
  name = "go.uber.org/multierr"
  packages = ["."]
  pruneopts = "T"
  revision = "3c4937480c32f4c13a875a1829af76c98ca3d40a"
  version = "v1.1.0"

[[projects]]
  digest = "1:c57d4b95825e74f8eb3b0c851d04aac3626a602de613f8702c0de41de26856b6"
  name = "go.uber.org/zap"
  packages = [
    ".",
    "buffer",
    "internal/bufferpool",
    "internal/color",
    "internal/exit",
    "zapcore",
  ]
  pruneopts = "T"
  revision = "ff33455a0e382e8a81d14dd7c922020b6b5e7982"
  version = "v1.9.1"

[[projects]]
  branch = "master"
  digest = "1:d470cb69884835b1800e93ceceb85afcf981ea647e61d99398a76af7a95bad6a"
  name = "golang.org/x/crypto"
  packages = ["ssh/terminal"]
  pruneopts = "T"
  revision = "505ab145d0a99da450461ae2c1a9f6cd10d1f447"

[[projects]]
  branch = "master"
  digest = "1:4d1fea392dcd2f08f9916dba3b33a5293f8cc935e6337166c895a6cdf20b5184"
  name = "golang.org/x/sys"
  packages = [
    "unix",
    "windows",
  ]
  pruneopts = "T"
  revision = "2a47403f2ae58167c4d75973960ccc62b28cb0d8"

[solve-meta]
  analyzer-name = "dep"
  analyzer-version = 1
  input-imports = [
    "github.com/TIBCOSoftware/flogo-contrib/action/flow",
    "github.com/TIBCOSoftware/flogo-contrib/activity/actreturn",
    "github.com/TIBCOSoftware/flogo-contrib/activity/log",
    "github.com/TIBCOSoftware/flogo-contrib/trigger/lambda",
    "github.com/TIBCOSoftware/flogo-lib/app",
    "github.com/TIBCOSoftware/flogo-lib/engine",
    "github.com/TIBCOSoftware/flogo-lib/logger",
    "github.com/square-it/flogo-contrib-activities/command",
  ]
  solver-name = "gps-cdcl"
  solver-version = 1
